
Microsoft Visual Studio Solution File, Format Version 12.00
# Visual Studio 15
VisualStudioVersion = 15.0.27004.2009
MinimumVisualStudioVersion = 10.0.40219.1
Project("{FAE04EC0-301F-11D3-BF4B-00C04F79EFBC}") = "01 NativeMessageLoop", "01 NativeMessageLoop\01 NativeMessageLoop.csproj", "{E9C56D1D-8BD7-4E0D-9980-7C2388E12D75}"
EndProject
Global
	GlobalSection(SolutionConfigurationPlatforms) = preSolution
		Debug|Any CPU = Debug|Any CPU
		Release|Any CPU = Release|Any CPU
	EndGlobalSection
	GlobalSection(ProjectConfigurationPlatforms) = postSolution
		{E9C56D1D-8BD7-4E0D-9980-7C2388E12D75}.Debug|Any CPU.ActiveCfg = Debug|Any CPU
		{E9C56D1D-8BD7-4E0D-9980-7C2388E12D75}.Debug|Any CPU.Build.0 = Debug|Any CPU
		{E9C56D1D-8BD7-4E0D-9980-7C2388E12D75}.Release|Any CPU.ActiveCfg = Release|Any CPU
		{E9C56D1D-8BD7-4E0D-9980-7C2388E12D75}.Release|Any CPU.Build.0 = Release|Any CPU
	EndGlobalSection
	GlobalSection(SolutionProperties) = preSolution
		HideSolutionNode = FALSE
	EndGlobalSection
	GlobalSection(ExtensibilityGlobals) = postSolution
		SolutionGuid = {046A8F2E-C832-4FDC-B99A-85FB8447911A}
	EndGlobalSection
EndGlobal
