
Microsoft Visual Studio Solution File, Format Version 12.00
# Visual Studio 15
VisualStudioVersion = 15.0.27004.2009
MinimumVisualStudioVersion = 10.0.40219.1
Project("{FAE04EC0-301F-11D3-BF4B-00C04F79EFBC}") = "WebApiHost", "WebApiHost\WebApiHost.csproj", "{9928A933-F415-4D14-BDA5-E80EDC789546}"
EndProject
Project("{9A19103F-16F7-4668-BE54-9A1E7A4F7556}") = "ModelLibrary", "ModelLibrary\ModelLibrary.csproj", "{9CA9B581-248A-486A-A014-A479A8F0AB87}"
EndProject
Project("{FAE04EC0-301F-11D3-BF4B-00C04F79EFBC}") = "UwpClient", "UwpClient\UwpClient.csproj", "{78701755-2D60-471B-A964-F53E8FB188F0}"
EndProject
Global
	GlobalSection(SolutionConfigurationPlatforms) = preSolution
		Debug|Any CPU = Debug|Any CPU
		Debug|ARM = Debug|ARM
		Debug|x64 = Debug|x64
		Debug|x86 = Debug|x86
		Release|Any CPU = Release|Any CPU
		Release|ARM = Release|ARM
		Release|x64 = Release|x64
		Release|x86 = Release|x86
	EndGlobalSection
	GlobalSection(ProjectConfigurationPlatforms) = postSolution
		{9928A933-F415-4D14-BDA5-E80EDC789546}.Debug|Any CPU.ActiveCfg = Debug|Any CPU
		{9928A933-F415-4D14-BDA5-E80EDC789546}.Debug|Any CPU.Build.0 = Debug|Any CPU
		{9928A933-F415-4D14-BDA5-E80EDC789546}.Debug|ARM.ActiveCfg = Debug|Any CPU
		{9928A933-F415-4D14-BDA5-E80EDC789546}.Debug|ARM.Build.0 = Debug|Any CPU
		{9928A933-F415-4D14-BDA5-E80EDC789546}.Debug|x64.ActiveCfg = Debug|Any CPU
		{9928A933-F415-4D14-BDA5-E80EDC789546}.Debug|x64.Build.0 = Debug|Any CPU
		{9928A933-F415-4D14-BDA5-E80EDC789546}.Debug|x86.ActiveCfg = Debug|Any CPU
		{9928A933-F415-4D14-BDA5-E80EDC789546}.Debug|x86.Build.0 = Debug|Any CPU
		{9928A933-F415-4D14-BDA5-E80EDC789546}.Release|Any CPU.ActiveCfg = Release|Any CPU
		{9928A933-F415-4D14-BDA5-E80EDC789546}.Release|Any CPU.Build.0 = Release|Any CPU
		{9928A933-F415-4D14-BDA5-E80EDC789546}.Release|ARM.ActiveCfg = Release|Any CPU
		{9928A933-F415-4D14-BDA5-E80EDC789546}.Release|ARM.Build.0 = Release|Any CPU
		{9928A933-F415-4D14-BDA5-E80EDC789546}.Release|x64.ActiveCfg = Release|Any CPU
		{9928A933-F415-4D14-BDA5-E80EDC789546}.Release|x64.Build.0 = Release|Any CPU
		{9928A933-F415-4D14-BDA5-E80EDC789546}.Release|x86.ActiveCfg = Release|Any CPU
		{9928A933-F415-4D14-BDA5-E80EDC789546}.Release|x86.Build.0 = Release|Any CPU
		{9CA9B581-248A-486A-A014-A479A8F0AB87}.Debug|Any CPU.ActiveCfg = Debug|Any CPU
		{9CA9B581-248A-486A-A014-A479A8F0AB87}.Debug|Any CPU.Build.0 = Debug|Any CPU
		{9CA9B581-248A-486A-A014-A479A8F0AB87}.Debug|ARM.ActiveCfg = Debug|Any CPU
		{9CA9B581-248A-486A-A014-A479A8F0AB87}.Debug|ARM.Build.0 = Debug|Any CPU
		{9CA9B581-248A-486A-A014-A479A8F0AB87}.Debug|x64.ActiveCfg = Debug|Any CPU
		{9CA9B581-248A-486A-A014-A479A8F0AB87}.Debug|x64.Build.0 = Debug|Any CPU
		{9CA9B581-248A-486A-A014-A479A8F0AB87}.Debug|x86.ActiveCfg = Debug|Any CPU
		{9CA9B581-248A-486A-A014-A479A8F0AB87}.Debug|x86.Build.0 = Debug|Any CPU
		{9CA9B581-248A-486A-A014-A479A8F0AB87}.Release|Any CPU.ActiveCfg = Release|Any CPU
		{9CA9B581-248A-486A-A014-A479A8F0AB87}.Release|Any CPU.Build.0 = Release|Any CPU
		{9CA9B581-248A-486A-A014-A479A8F0AB87}.Release|ARM.ActiveCfg = Release|Any CPU
		{9CA9B581-248A-486A-A014-A479A8F0AB87}.Release|ARM.Build.0 = Release|Any CPU
		{9CA9B581-248A-486A-A014-A479A8F0AB87}.Release|x64.ActiveCfg = Release|Any CPU
		{9CA9B581-248A-486A-A014-A479A8F0AB87}.Release|x64.Build.0 = Release|Any CPU
		{9CA9B581-248A-486A-A014-A479A8F0AB87}.Release|x86.ActiveCfg = Release|Any CPU
		{9CA9B581-248A-486A-A014-A479A8F0AB87}.Release|x86.Build.0 = Release|Any CPU
		{78701755-2D60-471B-A964-F53E8FB188F0}.Debug|Any CPU.ActiveCfg = Debug|x86
		{78701755-2D60-471B-A964-F53E8FB188F0}.Debug|Any CPU.Build.0 = Debug|x86
		{78701755-2D60-471B-A964-F53E8FB188F0}.Debug|Any CPU.Deploy.0 = Debug|x86
		{78701755-2D60-471B-A964-F53E8FB188F0}.Debug|ARM.ActiveCfg = Debug|ARM
		{78701755-2D60-471B-A964-F53E8FB188F0}.Debug|ARM.Build.0 = Debug|ARM
		{78701755-2D60-471B-A964-F53E8FB188F0}.Debug|ARM.Deploy.0 = Debug|ARM
		{78701755-2D60-471B-A964-F53E8FB188F0}.Debug|x64.ActiveCfg = Debug|x64
		{78701755-2D60-471B-A964-F53E8FB188F0}.Debug|x64.Build.0 = Debug|x64
		{78701755-2D60-471B-A964-F53E8FB188F0}.Debug|x64.Deploy.0 = Debug|x64
		{78701755-2D60-471B-A964-F53E8FB188F0}.Debug|x86.ActiveCfg = Debug|x86
		{78701755-2D60-471B-A964-F53E8FB188F0}.Debug|x86.Build.0 = Debug|x86
		{78701755-2D60-471B-A964-F53E8FB188F0}.Debug|x86.Deploy.0 = Debug|x86
		{78701755-2D60-471B-A964-F53E8FB188F0}.Release|Any CPU.ActiveCfg = Release|x86
		{78701755-2D60-471B-A964-F53E8FB188F0}.Release|ARM.ActiveCfg = Release|ARM
		{78701755-2D60-471B-A964-F53E8FB188F0}.Release|ARM.Build.0 = Release|ARM
		{78701755-2D60-471B-A964-F53E8FB188F0}.Release|ARM.Deploy.0 = Release|ARM
		{78701755-2D60-471B-A964-F53E8FB188F0}.Release|x64.ActiveCfg = Release|x64
		{78701755-2D60-471B-A964-F53E8FB188F0}.Release|x64.Build.0 = Release|x64
		{78701755-2D60-471B-A964-F53E8FB188F0}.Release|x64.Deploy.0 = Release|x64
		{78701755-2D60-471B-A964-F53E8FB188F0}.Release|x86.ActiveCfg = Release|x86
		{78701755-2D60-471B-A964-F53E8FB188F0}.Release|x86.Build.0 = Release|x86
		{78701755-2D60-471B-A964-F53E8FB188F0}.Release|x86.Deploy.0 = Release|x86
	EndGlobalSection
	GlobalSection(SolutionProperties) = preSolution
		HideSolutionNode = FALSE
	EndGlobalSection
	GlobalSection(ExtensibilityGlobals) = postSolution
		SolutionGuid = {4BB59A55-3007-4D86-87FD-619CF52FF160}
	EndGlobalSection
EndGlobal
