
Microsoft Visual Studio Solution File, Format Version 12.00
# Visual Studio 15
VisualStudioVersion = 15.0.27130.2010
MinimumVisualStudioVersion = 10.0.40219.1
Project("{FAE04EC0-301F-11D3-BF4B-00C04F79EFBC}") = "XamarinFluentDemo.Android", "XamarinFluent\XamarinFluentDemo.Android\XamarinFluentDemo.Android.csproj", "{AE162928-0E51-49E8-A083-EA661903491D}"
EndProject
Project("{FAE04EC0-301F-11D3-BF4B-00C04F79EFBC}") = "XamarinFluentDemo.iOS", "XamarinFluent\XamarinFluentDemo.iOS\XamarinFluentDemo.iOS.csproj", "{999DD39A-AA17-4521-BBAB-225200C00979}"
EndProject
Project("{FAE04EC0-301F-11D3-BF4B-00C04F79EFBC}") = "XamarinFluentDemo.UWP", "XamarinFluent\XamarinFluentDemo.UWP\XamarinFluentDemo.UWP.csproj", "{A90094F6-54BC-4AC2-A911-97EDC2C5F4B0}"
EndProject
Project("{9A19103F-16F7-4668-BE54-9A1E7A4F7556}") = "XamarinFluentDemo", "XamarinFluent\XamarinFluentDemo\XamarinFluentDemo.csproj", "{6C7707CE-BE57-4731-B397-C522BF0363F6}"
EndProject
Global
	GlobalSection(SolutionConfigurationPlatforms) = preSolution
		Ad-Hoc|Any CPU = Ad-Hoc|Any CPU
		Ad-Hoc|ARM = Ad-Hoc|ARM
		Ad-Hoc|iPhone = Ad-Hoc|iPhone
		Ad-Hoc|iPhoneSimulator = Ad-Hoc|iPhoneSimulator
		Ad-Hoc|x64 = Ad-Hoc|x64
		Ad-Hoc|x86 = Ad-Hoc|x86
		AppStore|Any CPU = AppStore|Any CPU
		AppStore|ARM = AppStore|ARM
		AppStore|iPhone = AppStore|iPhone
		AppStore|iPhoneSimulator = AppStore|iPhoneSimulator
		AppStore|x64 = AppStore|x64
		AppStore|x86 = AppStore|x86
		Debug|Any CPU = Debug|Any CPU
		Debug|ARM = Debug|ARM
		Debug|iPhone = Debug|iPhone
		Debug|iPhoneSimulator = Debug|iPhoneSimulator
		Debug|x64 = Debug|x64
		Debug|x86 = Debug|x86
		Release|Any CPU = Release|Any CPU
		Release|ARM = Release|ARM
		Release|iPhone = Release|iPhone
		Release|iPhoneSimulator = Release|iPhoneSimulator
		Release|x64 = Release|x64
		Release|x86 = Release|x86
	EndGlobalSection
	GlobalSection(ProjectConfigurationPlatforms) = postSolution
		{AE162928-0E51-49E8-A083-EA661903491D}.Ad-Hoc|Any CPU.ActiveCfg = Release|Any CPU
		{AE162928-0E51-49E8-A083-EA661903491D}.Ad-Hoc|Any CPU.Build.0 = Release|Any CPU
		{AE162928-0E51-49E8-A083-EA661903491D}.Ad-Hoc|Any CPU.Deploy.0 = Release|Any CPU
		{AE162928-0E51-49E8-A083-EA661903491D}.Ad-Hoc|ARM.ActiveCfg = Release|Any CPU
		{AE162928-0E51-49E8-A083-EA661903491D}.Ad-Hoc|ARM.Build.0 = Release|Any CPU
		{AE162928-0E51-49E8-A083-EA661903491D}.Ad-Hoc|ARM.Deploy.0 = Release|Any CPU
		{AE162928-0E51-49E8-A083-EA661903491D}.Ad-Hoc|iPhone.ActiveCfg = Release|Any CPU
		{AE162928-0E51-49E8-A083-EA661903491D}.Ad-Hoc|iPhone.Build.0 = Release|Any CPU
		{AE162928-0E51-49E8-A083-EA661903491D}.Ad-Hoc|iPhone.Deploy.0 = Release|Any CPU
		{AE162928-0E51-49E8-A083-EA661903491D}.Ad-Hoc|iPhoneSimulator.ActiveCfg = Release|Any CPU
		{AE162928-0E51-49E8-A083-EA661903491D}.Ad-Hoc|iPhoneSimulator.Build.0 = Release|Any CPU
		{AE162928-0E51-49E8-A083-EA661903491D}.Ad-Hoc|iPhoneSimulator.Deploy.0 = Release|Any CPU
		{AE162928-0E51-49E8-A083-EA661903491D}.Ad-Hoc|x64.ActiveCfg = Release|Any CPU
		{AE162928-0E51-49E8-A083-EA661903491D}.Ad-Hoc|x64.Build.0 = Release|Any CPU
		{AE162928-0E51-49E8-A083-EA661903491D}.Ad-Hoc|x64.Deploy.0 = Release|Any CPU
		{AE162928-0E51-49E8-A083-EA661903491D}.Ad-Hoc|x86.ActiveCfg = Release|Any CPU
		{AE162928-0E51-49E8-A083-EA661903491D}.Ad-Hoc|x86.Build.0 = Release|Any CPU
		{AE162928-0E51-49E8-A083-EA661903491D}.Ad-Hoc|x86.Deploy.0 = Release|Any CPU
		{AE162928-0E51-49E8-A083-EA661903491D}.AppStore|Any CPU.ActiveCfg = Release|Any CPU
		{AE162928-0E51-49E8-A083-EA661903491D}.AppStore|Any CPU.Build.0 = Release|Any CPU
		{AE162928-0E51-49E8-A083-EA661903491D}.AppStore|Any CPU.Deploy.0 = Release|Any CPU
		{AE162928-0E51-49E8-A083-EA661903491D}.AppStore|ARM.ActiveCfg = Release|Any CPU
		{AE162928-0E51-49E8-A083-EA661903491D}.AppStore|ARM.Build.0 = Release|Any CPU
		{AE162928-0E51-49E8-A083-EA661903491D}.AppStore|ARM.Deploy.0 = Release|Any CPU
		{AE162928-0E51-49E8-A083-EA661903491D}.AppStore|iPhone.ActiveCfg = Release|Any CPU
		{AE162928-0E51-49E8-A083-EA661903491D}.AppStore|iPhone.Build.0 = Release|Any CPU
		{AE162928-0E51-49E8-A083-EA661903491D}.AppStore|iPhone.Deploy.0 = Release|Any CPU
		{AE162928-0E51-49E8-A083-EA661903491D}.AppStore|iPhoneSimulator.ActiveCfg = Release|Any CPU
		{AE162928-0E51-49E8-A083-EA661903491D}.AppStore|iPhoneSimulator.Build.0 = Release|Any CPU
		{AE162928-0E51-49E8-A083-EA661903491D}.AppStore|iPhoneSimulator.Deploy.0 = Release|Any CPU
		{AE162928-0E51-49E8-A083-EA661903491D}.AppStore|x64.ActiveCfg = Release|Any CPU
		{AE162928-0E51-49E8-A083-EA661903491D}.AppStore|x64.Build.0 = Release|Any CPU
		{AE162928-0E51-49E8-A083-EA661903491D}.AppStore|x64.Deploy.0 = Release|Any CPU
		{AE162928-0E51-49E8-A083-EA661903491D}.AppStore|x86.ActiveCfg = Release|Any CPU
		{AE162928-0E51-49E8-A083-EA661903491D}.AppStore|x86.Build.0 = Release|Any CPU
		{AE162928-0E51-49E8-A083-EA661903491D}.AppStore|x86.Deploy.0 = Release|Any CPU
		{AE162928-0E51-49E8-A083-EA661903491D}.Debug|Any CPU.ActiveCfg = Debug|Any CPU
		{AE162928-0E51-49E8-A083-EA661903491D}.Debug|Any CPU.Build.0 = Debug|Any CPU
		{AE162928-0E51-49E8-A083-EA661903491D}.Debug|Any CPU.Deploy.0 = Debug|Any CPU
		{AE162928-0E51-49E8-A083-EA661903491D}.Debug|ARM.ActiveCfg = Debug|Any CPU
		{AE162928-0E51-49E8-A083-EA661903491D}.Debug|ARM.Build.0 = Debug|Any CPU
		{AE162928-0E51-49E8-A083-EA661903491D}.Debug|ARM.Deploy.0 = Debug|Any CPU
		{AE162928-0E51-49E8-A083-EA661903491D}.Debug|iPhone.ActiveCfg = Debug|Any CPU
		{AE162928-0E51-49E8-A083-EA661903491D}.Debug|iPhone.Build.0 = Debug|Any CPU
		{AE162928-0E51-49E8-A083-EA661903491D}.Debug|iPhone.Deploy.0 = Debug|Any CPU
		{AE162928-0E51-49E8-A083-EA661903491D}.Debug|iPhoneSimulator.ActiveCfg = Debug|Any CPU
		{AE162928-0E51-49E8-A083-EA661903491D}.Debug|iPhoneSimulator.Build.0 = Debug|Any CPU
		{AE162928-0E51-49E8-A083-EA661903491D}.Debug|iPhoneSimulator.Deploy.0 = Debug|Any CPU
		{AE162928-0E51-49E8-A083-EA661903491D}.Debug|x64.ActiveCfg = Debug|Any CPU
		{AE162928-0E51-49E8-A083-EA661903491D}.Debug|x64.Build.0 = Debug|Any CPU
		{AE162928-0E51-49E8-A083-EA661903491D}.Debug|x64.Deploy.0 = Debug|Any CPU
		{AE162928-0E51-49E8-A083-EA661903491D}.Debug|x86.ActiveCfg = Debug|Any CPU
		{AE162928-0E51-49E8-A083-EA661903491D}.Debug|x86.Build.0 = Debug|Any CPU
		{AE162928-0E51-49E8-A083-EA661903491D}.Debug|x86.Deploy.0 = Debug|Any CPU
		{AE162928-0E51-49E8-A083-EA661903491D}.Release|Any CPU.ActiveCfg = Release|Any CPU
		{AE162928-0E51-49E8-A083-EA661903491D}.Release|Any CPU.Build.0 = Release|Any CPU
		{AE162928-0E51-49E8-A083-EA661903491D}.Release|Any CPU.Deploy.0 = Release|Any CPU
		{AE162928-0E51-49E8-A083-EA661903491D}.Release|ARM.ActiveCfg = Release|Any CPU
		{AE162928-0E51-49E8-A083-EA661903491D}.Release|ARM.Build.0 = Release|Any CPU
		{AE162928-0E51-49E8-A083-EA661903491D}.Release|ARM.Deploy.0 = Release|Any CPU
		{AE162928-0E51-49E8-A083-EA661903491D}.Release|iPhone.ActiveCfg = Release|Any CPU
		{AE162928-0E51-49E8-A083-EA661903491D}.Release|iPhone.Build.0 = Release|Any CPU
		{AE162928-0E51-49E8-A083-EA661903491D}.Release|iPhone.Deploy.0 = Release|Any CPU
		{AE162928-0E51-49E8-A083-EA661903491D}.Release|iPhoneSimulator.ActiveCfg = Release|Any CPU
		{AE162928-0E51-49E8-A083-EA661903491D}.Release|iPhoneSimulator.Build.0 = Release|Any CPU
		{AE162928-0E51-49E8-A083-EA661903491D}.Release|iPhoneSimulator.Deploy.0 = Release|Any CPU
		{AE162928-0E51-49E8-A083-EA661903491D}.Release|x64.ActiveCfg = Release|Any CPU
		{AE162928-0E51-49E8-A083-EA661903491D}.Release|x64.Build.0 = Release|Any CPU
		{AE162928-0E51-49E8-A083-EA661903491D}.Release|x64.Deploy.0 = Release|Any CPU
		{AE162928-0E51-49E8-A083-EA661903491D}.Release|x86.ActiveCfg = Release|Any CPU
		{AE162928-0E51-49E8-A083-EA661903491D}.Release|x86.Build.0 = Release|Any CPU
		{AE162928-0E51-49E8-A083-EA661903491D}.Release|x86.Deploy.0 = Release|Any CPU
		{999DD39A-AA17-4521-BBAB-225200C00979}.Ad-Hoc|Any CPU.ActiveCfg = Ad-Hoc|iPhone
		{999DD39A-AA17-4521-BBAB-225200C00979}.Ad-Hoc|ARM.ActiveCfg = Ad-Hoc|iPhone
		{999DD39A-AA17-4521-BBAB-225200C00979}.Ad-Hoc|iPhone.ActiveCfg = Ad-Hoc|iPhone
		{999DD39A-AA17-4521-BBAB-225200C00979}.Ad-Hoc|iPhone.Build.0 = Ad-Hoc|iPhone
		{999DD39A-AA17-4521-BBAB-225200C00979}.Ad-Hoc|iPhoneSimulator.ActiveCfg = Ad-Hoc|iPhoneSimulator
		{999DD39A-AA17-4521-BBAB-225200C00979}.Ad-Hoc|iPhoneSimulator.Build.0 = Ad-Hoc|iPhoneSimulator
		{999DD39A-AA17-4521-BBAB-225200C00979}.Ad-Hoc|x64.ActiveCfg = Ad-Hoc|iPhone
		{999DD39A-AA17-4521-BBAB-225200C00979}.Ad-Hoc|x86.ActiveCfg = Ad-Hoc|iPhone
		{999DD39A-AA17-4521-BBAB-225200C00979}.AppStore|Any CPU.ActiveCfg = AppStore|iPhone
		{999DD39A-AA17-4521-BBAB-225200C00979}.AppStore|ARM.ActiveCfg = AppStore|iPhone
		{999DD39A-AA17-4521-BBAB-225200C00979}.AppStore|iPhone.ActiveCfg = AppStore|iPhone
		{999DD39A-AA17-4521-BBAB-225200C00979}.AppStore|iPhone.Build.0 = AppStore|iPhone
		{999DD39A-AA17-4521-BBAB-225200C00979}.AppStore|iPhoneSimulator.ActiveCfg = AppStore|iPhoneSimulator
		{999DD39A-AA17-4521-BBAB-225200C00979}.AppStore|iPhoneSimulator.Build.0 = AppStore|iPhoneSimulator
		{999DD39A-AA17-4521-BBAB-225200C00979}.AppStore|x64.ActiveCfg = AppStore|iPhone
		{999DD39A-AA17-4521-BBAB-225200C00979}.AppStore|x86.ActiveCfg = AppStore|iPhone
		{999DD39A-AA17-4521-BBAB-225200C00979}.Debug|Any CPU.ActiveCfg = Debug|iPhone
		{999DD39A-AA17-4521-BBAB-225200C00979}.Debug|Any CPU.Build.0 = Debug|iPhone
		{999DD39A-AA17-4521-BBAB-225200C00979}.Debug|ARM.ActiveCfg = Debug|iPhone
		{999DD39A-AA17-4521-BBAB-225200C00979}.Debug|iPhone.ActiveCfg = Debug|iPhone
		{999DD39A-AA17-4521-BBAB-225200C00979}.Debug|iPhone.Build.0 = Debug|iPhone
		{999DD39A-AA17-4521-BBAB-225200C00979}.Debug|iPhoneSimulator.ActiveCfg = Debug|iPhoneSimulator
		{999DD39A-AA17-4521-BBAB-225200C00979}.Debug|iPhoneSimulator.Build.0 = Debug|iPhoneSimulator
		{999DD39A-AA17-4521-BBAB-225200C00979}.Debug|x64.ActiveCfg = Debug|iPhone
		{999DD39A-AA17-4521-BBAB-225200C00979}.Debug|x86.ActiveCfg = Debug|iPhone
		{999DD39A-AA17-4521-BBAB-225200C00979}.Release|Any CPU.ActiveCfg = Release|iPhone
		{999DD39A-AA17-4521-BBAB-225200C00979}.Release|ARM.ActiveCfg = Release|iPhone
		{999DD39A-AA17-4521-BBAB-225200C00979}.Release|iPhone.ActiveCfg = Release|iPhone
		{999DD39A-AA17-4521-BBAB-225200C00979}.Release|iPhone.Build.0 = Release|iPhone
		{999DD39A-AA17-4521-BBAB-225200C00979}.Release|iPhoneSimulator.ActiveCfg = Release|iPhoneSimulator
		{999DD39A-AA17-4521-BBAB-225200C00979}.Release|iPhoneSimulator.Build.0 = Release|iPhoneSimulator
		{999DD39A-AA17-4521-BBAB-225200C00979}.Release|x64.ActiveCfg = Release|iPhone
		{999DD39A-AA17-4521-BBAB-225200C00979}.Release|x86.ActiveCfg = Release|iPhone
		{A90094F6-54BC-4AC2-A911-97EDC2C5F4B0}.Ad-Hoc|Any CPU.ActiveCfg = Release|x86
		{A90094F6-54BC-4AC2-A911-97EDC2C5F4B0}.Ad-Hoc|Any CPU.Build.0 = Release|x86
		{A90094F6-54BC-4AC2-A911-97EDC2C5F4B0}.Ad-Hoc|Any CPU.Deploy.0 = Release|x86
		{A90094F6-54BC-4AC2-A911-97EDC2C5F4B0}.Ad-Hoc|ARM.ActiveCfg = Release|ARM
		{A90094F6-54BC-4AC2-A911-97EDC2C5F4B0}.Ad-Hoc|ARM.Build.0 = Release|ARM
		{A90094F6-54BC-4AC2-A911-97EDC2C5F4B0}.Ad-Hoc|ARM.Deploy.0 = Release|ARM
		{A90094F6-54BC-4AC2-A911-97EDC2C5F4B0}.Ad-Hoc|iPhone.ActiveCfg = Release|x86
		{A90094F6-54BC-4AC2-A911-97EDC2C5F4B0}.Ad-Hoc|iPhone.Build.0 = Release|x86
		{A90094F6-54BC-4AC2-A911-97EDC2C5F4B0}.Ad-Hoc|iPhone.Deploy.0 = Release|x86
		{A90094F6-54BC-4AC2-A911-97EDC2C5F4B0}.Ad-Hoc|iPhoneSimulator.ActiveCfg = Release|x86
		{A90094F6-54BC-4AC2-A911-97EDC2C5F4B0}.Ad-Hoc|iPhoneSimulator.Build.0 = Release|x86
		{A90094F6-54BC-4AC2-A911-97EDC2C5F4B0}.Ad-Hoc|iPhoneSimulator.Deploy.0 = Release|x86
		{A90094F6-54BC-4AC2-A911-97EDC2C5F4B0}.Ad-Hoc|x64.ActiveCfg = Release|x64
		{A90094F6-54BC-4AC2-A911-97EDC2C5F4B0}.Ad-Hoc|x64.Build.0 = Release|x64
		{A90094F6-54BC-4AC2-A911-97EDC2C5F4B0}.Ad-Hoc|x64.Deploy.0 = Release|x64
		{A90094F6-54BC-4AC2-A911-97EDC2C5F4B0}.Ad-Hoc|x86.ActiveCfg = Release|x86
		{A90094F6-54BC-4AC2-A911-97EDC2C5F4B0}.Ad-Hoc|x86.Build.0 = Release|x86
		{A90094F6-54BC-4AC2-A911-97EDC2C5F4B0}.Ad-Hoc|x86.Deploy.0 = Release|x86
		{A90094F6-54BC-4AC2-A911-97EDC2C5F4B0}.AppStore|Any CPU.ActiveCfg = Release|x86
		{A90094F6-54BC-4AC2-A911-97EDC2C5F4B0}.AppStore|Any CPU.Build.0 = Release|x86
		{A90094F6-54BC-4AC2-A911-97EDC2C5F4B0}.AppStore|Any CPU.Deploy.0 = Release|x86
		{A90094F6-54BC-4AC2-A911-97EDC2C5F4B0}.AppStore|ARM.ActiveCfg = Release|ARM
		{A90094F6-54BC-4AC2-A911-97EDC2C5F4B0}.AppStore|ARM.Build.0 = Release|ARM
		{A90094F6-54BC-4AC2-A911-97EDC2C5F4B0}.AppStore|ARM.Deploy.0 = Release|ARM
		{A90094F6-54BC-4AC2-A911-97EDC2C5F4B0}.AppStore|iPhone.ActiveCfg = Release|x86
		{A90094F6-54BC-4AC2-A911-97EDC2C5F4B0}.AppStore|iPhone.Build.0 = Release|x86
		{A90094F6-54BC-4AC2-A911-97EDC2C5F4B0}.AppStore|iPhone.Deploy.0 = Release|x86
		{A90094F6-54BC-4AC2-A911-97EDC2C5F4B0}.AppStore|iPhoneSimulator.ActiveCfg = Release|x86
		{A90094F6-54BC-4AC2-A911-97EDC2C5F4B0}.AppStore|iPhoneSimulator.Build.0 = Release|x86
		{A90094F6-54BC-4AC2-A911-97EDC2C5F4B0}.AppStore|iPhoneSimulator.Deploy.0 = Release|x86
		{A90094F6-54BC-4AC2-A911-97EDC2C5F4B0}.AppStore|x64.ActiveCfg = Release|x64
		{A90094F6-54BC-4AC2-A911-97EDC2C5F4B0}.AppStore|x64.Build.0 = Release|x64
		{A90094F6-54BC-4AC2-A911-97EDC2C5F4B0}.AppStore|x64.Deploy.0 = Release|x64
		{A90094F6-54BC-4AC2-A911-97EDC2C5F4B0}.AppStore|x86.ActiveCfg = Release|x86
		{A90094F6-54BC-4AC2-A911-97EDC2C5F4B0}.AppStore|x86.Build.0 = Release|x86
		{A90094F6-54BC-4AC2-A911-97EDC2C5F4B0}.AppStore|x86.Deploy.0 = Release|x86
		{A90094F6-54BC-4AC2-A911-97EDC2C5F4B0}.Debug|Any CPU.ActiveCfg = Debug|x86
		{A90094F6-54BC-4AC2-A911-97EDC2C5F4B0}.Debug|Any CPU.Build.0 = Debug|x86
		{A90094F6-54BC-4AC2-A911-97EDC2C5F4B0}.Debug|Any CPU.Deploy.0 = Debug|x86
		{A90094F6-54BC-4AC2-A911-97EDC2C5F4B0}.Debug|ARM.ActiveCfg = Debug|ARM
		{A90094F6-54BC-4AC2-A911-97EDC2C5F4B0}.Debug|ARM.Build.0 = Debug|ARM
		{A90094F6-54BC-4AC2-A911-97EDC2C5F4B0}.Debug|ARM.Deploy.0 = Debug|ARM
		{A90094F6-54BC-4AC2-A911-97EDC2C5F4B0}.Debug|iPhone.ActiveCfg = Debug|x86
		{A90094F6-54BC-4AC2-A911-97EDC2C5F4B0}.Debug|iPhone.Build.0 = Debug|x86
		{A90094F6-54BC-4AC2-A911-97EDC2C5F4B0}.Debug|iPhone.Deploy.0 = Debug|x86
		{A90094F6-54BC-4AC2-A911-97EDC2C5F4B0}.Debug|iPhoneSimulator.ActiveCfg = Debug|x86
		{A90094F6-54BC-4AC2-A911-97EDC2C5F4B0}.Debug|x64.ActiveCfg = Debug|x64
		{A90094F6-54BC-4AC2-A911-97EDC2C5F4B0}.Debug|x64.Build.0 = Debug|x64
		{A90094F6-54BC-4AC2-A911-97EDC2C5F4B0}.Debug|x64.Deploy.0 = Debug|x64
		{A90094F6-54BC-4AC2-A911-97EDC2C5F4B0}.Debug|x86.ActiveCfg = Debug|x86
		{A90094F6-54BC-4AC2-A911-97EDC2C5F4B0}.Debug|x86.Build.0 = Debug|x86
		{A90094F6-54BC-4AC2-A911-97EDC2C5F4B0}.Debug|x86.Deploy.0 = Debug|x86
		{A90094F6-54BC-4AC2-A911-97EDC2C5F4B0}.Release|Any CPU.ActiveCfg = Release|x86
		{A90094F6-54BC-4AC2-A911-97EDC2C5F4B0}.Release|ARM.ActiveCfg = Release|ARM
		{A90094F6-54BC-4AC2-A911-97EDC2C5F4B0}.Release|ARM.Build.0 = Release|ARM
		{A90094F6-54BC-4AC2-A911-97EDC2C5F4B0}.Release|ARM.Deploy.0 = Release|ARM
		{A90094F6-54BC-4AC2-A911-97EDC2C5F4B0}.Release|iPhone.ActiveCfg = Release|x86
		{A90094F6-54BC-4AC2-A911-97EDC2C5F4B0}.Release|iPhoneSimulator.ActiveCfg = Release|x86
		{A90094F6-54BC-4AC2-A911-97EDC2C5F4B0}.Release|x64.ActiveCfg = Release|x64
		{A90094F6-54BC-4AC2-A911-97EDC2C5F4B0}.Release|x64.Build.0 = Release|x64
		{A90094F6-54BC-4AC2-A911-97EDC2C5F4B0}.Release|x64.Deploy.0 = Release|x64
		{A90094F6-54BC-4AC2-A911-97EDC2C5F4B0}.Release|x86.ActiveCfg = Release|x86
		{A90094F6-54BC-4AC2-A911-97EDC2C5F4B0}.Release|x86.Build.0 = Release|x86
		{A90094F6-54BC-4AC2-A911-97EDC2C5F4B0}.Release|x86.Deploy.0 = Release|x86
		{6C7707CE-BE57-4731-B397-C522BF0363F6}.Ad-Hoc|Any CPU.ActiveCfg = Debug|Any CPU
		{6C7707CE-BE57-4731-B397-C522BF0363F6}.Ad-Hoc|Any CPU.Build.0 = Debug|Any CPU
		{6C7707CE-BE57-4731-B397-C522BF0363F6}.Ad-Hoc|ARM.ActiveCfg = Debug|Any CPU
		{6C7707CE-BE57-4731-B397-C522BF0363F6}.Ad-Hoc|ARM.Build.0 = Debug|Any CPU
		{6C7707CE-BE57-4731-B397-C522BF0363F6}.Ad-Hoc|iPhone.ActiveCfg = Debug|Any CPU
		{6C7707CE-BE57-4731-B397-C522BF0363F6}.Ad-Hoc|iPhone.Build.0 = Debug|Any CPU
		{6C7707CE-BE57-4731-B397-C522BF0363F6}.Ad-Hoc|iPhoneSimulator.ActiveCfg = Debug|Any CPU
		{6C7707CE-BE57-4731-B397-C522BF0363F6}.Ad-Hoc|iPhoneSimulator.Build.0 = Debug|Any CPU
		{6C7707CE-BE57-4731-B397-C522BF0363F6}.Ad-Hoc|x64.ActiveCfg = Debug|Any CPU
		{6C7707CE-BE57-4731-B397-C522BF0363F6}.Ad-Hoc|x64.Build.0 = Debug|Any CPU
		{6C7707CE-BE57-4731-B397-C522BF0363F6}.Ad-Hoc|x86.ActiveCfg = Debug|Any CPU
		{6C7707CE-BE57-4731-B397-C522BF0363F6}.Ad-Hoc|x86.Build.0 = Debug|Any CPU
		{6C7707CE-BE57-4731-B397-C522BF0363F6}.AppStore|Any CPU.ActiveCfg = Debug|Any CPU
		{6C7707CE-BE57-4731-B397-C522BF0363F6}.AppStore|Any CPU.Build.0 = Debug|Any CPU
		{6C7707CE-BE57-4731-B397-C522BF0363F6}.AppStore|ARM.ActiveCfg = Debug|Any CPU
		{6C7707CE-BE57-4731-B397-C522BF0363F6}.AppStore|ARM.Build.0 = Debug|Any CPU
		{6C7707CE-BE57-4731-B397-C522BF0363F6}.AppStore|iPhone.ActiveCfg = Debug|Any CPU
		{6C7707CE-BE57-4731-B397-C522BF0363F6}.AppStore|iPhone.Build.0 = Debug|Any CPU
		{6C7707CE-BE57-4731-B397-C522BF0363F6}.AppStore|iPhoneSimulator.ActiveCfg = Debug|Any CPU
		{6C7707CE-BE57-4731-B397-C522BF0363F6}.AppStore|iPhoneSimulator.Build.0 = Debug|Any CPU
		{6C7707CE-BE57-4731-B397-C522BF0363F6}.AppStore|x64.ActiveCfg = Debug|Any CPU
		{6C7707CE-BE57-4731-B397-C522BF0363F6}.AppStore|x64.Build.0 = Debug|Any CPU
		{6C7707CE-BE57-4731-B397-C522BF0363F6}.AppStore|x86.ActiveCfg = Debug|Any CPU
		{6C7707CE-BE57-4731-B397-C522BF0363F6}.AppStore|x86.Build.0 = Debug|Any CPU
		{6C7707CE-BE57-4731-B397-C522BF0363F6}.Debug|Any CPU.ActiveCfg = Debug|Any CPU
		{6C7707CE-BE57-4731-B397-C522BF0363F6}.Debug|Any CPU.Build.0 = Debug|Any CPU
		{6C7707CE-BE57-4731-B397-C522BF0363F6}.Debug|ARM.ActiveCfg = Debug|Any CPU
		{6C7707CE-BE57-4731-B397-C522BF0363F6}.Debug|ARM.Build.0 = Debug|Any CPU
		{6C7707CE-BE57-4731-B397-C522BF0363F6}.Debug|iPhone.ActiveCfg = Debug|Any CPU
		{6C7707CE-BE57-4731-B397-C522BF0363F6}.Debug|iPhone.Build.0 = Debug|Any CPU
		{6C7707CE-BE57-4731-B397-C522BF0363F6}.Debug|iPhoneSimulator.ActiveCfg = Debug|Any CPU
		{6C7707CE-BE57-4731-B397-C522BF0363F6}.Debug|iPhoneSimulator.Build.0 = Debug|Any CPU
		{6C7707CE-BE57-4731-B397-C522BF0363F6}.Debug|x64.ActiveCfg = Debug|Any CPU
		{6C7707CE-BE57-4731-B397-C522BF0363F6}.Debug|x64.Build.0 = Debug|Any CPU
		{6C7707CE-BE57-4731-B397-C522BF0363F6}.Debug|x86.ActiveCfg = Debug|Any CPU
		{6C7707CE-BE57-4731-B397-C522BF0363F6}.Debug|x86.Build.0 = Debug|Any CPU
		{6C7707CE-BE57-4731-B397-C522BF0363F6}.Release|Any CPU.ActiveCfg = Release|Any CPU
		{6C7707CE-BE57-4731-B397-C522BF0363F6}.Release|Any CPU.Build.0 = Release|Any CPU
		{6C7707CE-BE57-4731-B397-C522BF0363F6}.Release|ARM.ActiveCfg = Release|Any CPU
		{6C7707CE-BE57-4731-B397-C522BF0363F6}.Release|ARM.Build.0 = Release|Any CPU
		{6C7707CE-BE57-4731-B397-C522BF0363F6}.Release|iPhone.ActiveCfg = Release|Any CPU
		{6C7707CE-BE57-4731-B397-C522BF0363F6}.Release|iPhone.Build.0 = Release|Any CPU
		{6C7707CE-BE57-4731-B397-C522BF0363F6}.Release|iPhoneSimulator.ActiveCfg = Release|Any CPU
		{6C7707CE-BE57-4731-B397-C522BF0363F6}.Release|iPhoneSimulator.Build.0 = Release|Any CPU
		{6C7707CE-BE57-4731-B397-C522BF0363F6}.Release|x64.ActiveCfg = Release|Any CPU
		{6C7707CE-BE57-4731-B397-C522BF0363F6}.Release|x64.Build.0 = Release|Any CPU
		{6C7707CE-BE57-4731-B397-C522BF0363F6}.Release|x86.ActiveCfg = Release|Any CPU
		{6C7707CE-BE57-4731-B397-C522BF0363F6}.Release|x86.Build.0 = Release|Any CPU
	EndGlobalSection
	GlobalSection(SolutionProperties) = preSolution
		HideSolutionNode = FALSE
	EndGlobalSection
	GlobalSection(ExtensibilityGlobals) = postSolution
		SolutionGuid = {D971CD2C-973A-4AEC-9F12-C48F7ADAF9EB}
	EndGlobalSection
EndGlobal
